// !$*UTF8*$!
{
	archiveVersion = 1;
	classes = {
	};
	objectVersion = 50;
	objects = {

/* Begin PBXBuildFile section */
		8488C0362264D90C00526CF0 /* AppDelegate.swift in Sources */ = {isa = PBXBuildFile; fileRef = 8488C0352264D90C00526CF0 /* AppDelegate.swift */; };
		8488C0382264D90C00526CF0 /* art.scnassets in Resources */ = {isa = PBXBuildFile; fileRef = 8488C0372264D90C00526CF0 /* art.scnassets */; };
		8488C03A2264D90C00526CF0 /* ViewController.swift in Sources */ = {isa = PBXBuildFile; fileRef = 8488C0392264D90C00526CF0 /* ViewController.swift */; };
		8488C03D2264D90C00526CF0 /* Main.storyboard in Resources */ = {isa = PBXBuildFile; fileRef = 8488C03B2264D90C00526CF0 /* Main.storyboard */; };
		8488C03F2264D90E00526CF0 /* Assets.xcassets in Resources */ = {isa = PBXBuildFile; fileRef = 8488C03E2264D90E00526CF0 /* Assets.xcassets */; };
		8488C0422264D90E00526CF0 /* LaunchScreen.storyboard in Resources */ = {isa = PBXBuildFile; fileRef = 8488C0402264D90E00526CF0 /* LaunchScreen.storyboard */; };
		8488C04A2264D9AC00526CF0 /* Plane.swift in Sources */ = {isa = PBXBuildFile; fileRef = 8488C0492264D9AC00526CF0 /* Plane.swift */; };
		8488C04C2264DB2600526CF0 /* pinkWeb.png in Resources */ = {isa = PBXBuildFile; fileRef = 8488C04B2264DB2600526CF0 /* pinkWeb.png */; };
		8488C04E2264E66300526CF0 /* Box.swift in Sources */ = {isa = PBXBuildFile; fileRef = 8488C04D2264E66300526CF0 /* Box.swift */; };
/* End PBXBuildFile section */

/* Begin PBXFileReference section */
		8488C0322264D90C00526CF0 /* ARKitPlanes.app */ = {isa = PBXFileReference; explicitFileType = wrapper.application; includeInIndex = 0; path = ARKitPlanes.app; sourceTree = BUILT_PRODUCTS_DIR; };
		8488C0352264D90C00526CF0 /* AppDelegate.swift */ = {isa = PBXFileReference; lastKnownFileType = sourcecode.swift; path = AppDelegate.swift; sourceTree = "<group>"; };
		8488C0372264D90C00526CF0 /* art.scnassets */ = {isa = PBXFileReference; lastKnownFileType = wrapper.scnassets; path = art.scnassets; sourceTree = "<group>"; };
		8488C0392264D90C00526CF0 /* ViewController.swift */ = {isa = PBXFileReference; lastKnownFileType = sourcecode.swift; path = ViewController.swift; sourceTree = "<group>"; };
		8488C03C2264D90C00526CF0 /* Base */ = {isa = PBXFileReference; lastKnownFileType = file.storyboard; name = Base; path = Base.lproj/Main.storyboard; sourceTree = "<group>"; };
		8488C03E2264D90E00526CF0 /* Assets.xcassets */ = {isa = PBXFileReference; lastKnownFileType = folder.assetcatalog; path = Assets.xcassets; sourceTree = "<group>"; };
		8488C0412264D90E00526CF0 /* Base */ = {isa = PBXFileReference; lastKnownFileType = file.storyboard; name = Base; path = Base.lproj/LaunchScreen.storyboard; sourceTree = "<group>"; };
		8488C0432264D90E00526CF0 /* Info.plist */ = {isa = PBXFileReference; lastKnownFileType = text.plist.xml; path = Info.plist; sourceTree = "<group>"; };
		8488C0492264D9AC00526CF0 /* Plane.swift */ = {isa = PBXFileReference; lastKnownFileType = sourcecode.swift; path = Plane.swift; sourceTree = "<group>"; };
		8488C04B2264DB2600526CF0 /* pinkWeb.png */ = {isa = PBXFileReference; lastKnownFileType = image.png; path = pinkWeb.png; sourceTree = SOURCE_ROOT; };
		8488C04D2264E66300526CF0 /* Box.swift */ = {isa = PBXFileReference; lastKnownFileType = sourcecode.swift; path = Box.swift; sourceTree = "<group>"; };
/* End PBXFileReference section */

/* Begin PBXFrameworksBuildPhase section */
		8488C02F2264D90C00526CF0 /* Frameworks */ = {
			isa = PBXFrameworksBuildPhase;
			buildActionMask = 2147483647;
			files = (
			);
			runOnlyForDeploymentPostprocessing = 0;
		};
/* End PBXFrameworksBuildPhase section */

/* Begin PBXGroup section */
		8488C0292264D90C00526CF0 = {
			isa = PBXGroup;
			children = (
				8488C0342264D90C00526CF0 /* ARKitPlanes */,
				8488C0332264D90C00526CF0 /* Products */,
			);
			sourceTree = "<group>";
		};
		8488C0332264D90C00526CF0 /* Products */ = {
			isa = PBXGroup;
			children = (
				8488C0322264D90C00526CF0 /* ARKitPlanes.app */,
			);
			name = Products;
			sourceTree = "<group>";
		};
		8488C0342264D90C00526CF0 /* ARKitPlanes */ = {
			isa = PBXGroup;
			children = (
				8488C0352264D90C00526CF0 /* AppDelegate.swift */,
				8488C0372264D90C00526CF0 /* art.scnassets */,
				8488C0392264D90C00526CF0 /* ViewController.swift */,
				8488C04D2264E66300526CF0 /* Box.swift */,
				8488C0492264D9AC00526CF0 /* Plane.swift */,
				8488C03B2264D90C00526CF0 /* Main.storyboard */,
				8488C04B2264DB2600526CF0 /* pinkWeb.png */,
				8488C03E2264D90E00526CF0 /* Assets.xcassets */,
				8488C0402264D90E00526CF0 /* LaunchScreen.storyboard */,
				8488C0432264D90E00526CF0 /* Info.plist */,
			);
			path = ARKitPlanes;
			sourceTree = "<group>";
		};
/* End PBXGroup section */

/* Begin PBXNativeTarget section */
		8488C0312264D90C00526CF0 /* ARKitPlanes */ = {
			isa = PBXNativeTarget;
			buildConfigurationList = 8488C0462264D90E00526CF0 /* Build configuration list for PBXNativeTarget "ARKitPlanes" */;
			buildPhases = (
				8488C02E2264D90C00526CF0 /* Sources */,
				8488C02F2264D90C00526CF0 /* Frameworks */,
				8488C0302264D90C00526CF0 /* Resources */,
			);
			buildRules = (
			);
			dependencies = (
			);
			name = ARKitPlanes;
			productName = ARKitPlanes;
			productReference = 8488C0322264D90C00526CF0 /* ARKitPlanes.app */;
			productType = "com.apple.product-type.application";
		};
/* End PBXNativeTarget section */

/* Begin PBXProject section */
		8488C02A2264D90C00526CF0 /* Project object */ = {
			isa = PBXProject;
			attributes = {
				LastSwiftUpdateCheck = 1020;
				LastUpgradeCheck = 1020;
				ORGANIZATIONNAME = Admin;
				TargetAttributes = {
					8488C0312264D90C00526CF0 = {
						CreatedOnToolsVersion = 10.2;
					};
				};
			};
			buildConfigurationList = 8488C02D2264D90C00526CF0 /* Build configuration list for PBXProject "ARKitPlanes" */;
			compatibilityVersion = "Xcode 9.3";
			developmentRegion = en;
			hasScannedForEncodings = 0;
			knownRegions = (
				en,
				Base,
			);
			mainGroup = 8488C0292264D90C00526CF0;
			productRefGroup = 8488C0332264D90C00526CF0 /* Products */;
			projectDirPath = "";
			projectRoot = "";
			targets = (
				8488C0312264D90C00526CF0 /* ARKitPlanes */,
			);
		};
/* End PBXProject section */

/* Begin PBXResourcesBuildPhase section */
		8488C0302264D90C00526CF0 /* Resources */ = {
			isa = PBXResourcesBuildPhase;
			buildActionMask = 2147483647;
			files = (
				8488C0382264D90C00526CF0 /* art.scnassets in Resources */,
				8488C0422264D90E00526CF0 /* LaunchScreen.storyboard in Resources */,
				8488C03F2264D90E00526CF0 /* Assets.xcassets in Resources */,
				8488C04C2264DB2600526CF0 /* pinkWeb.png in Resources */,
				8488C03D2264D90C00526CF0 /* Main.storyboard in Resources */,
			);
			runOnlyForDeploymentPostprocessing = 0;
		};
/* End PBXResourcesBuildPhase section */

/* Begin PBXSourcesBuildPhase section */
		8488C02E2264D90C00526CF0 /* Sources */ = {
			isa = PBXSourcesBuildPhase;
			buildActionMask = 2147483647;
			files = (
				8488C03A2264D90C00526CF0 /* ViewController.swift in Sources */,
				8488C04E2264E66300526CF0 /* Box.swift in Sources */,
				8488C04A2264D9AC00526CF0 /* Plane.swift in Sources */,
				8488C0362264D90C00526CF0 /* AppDelegate.swift in Sources */,
			);
			runOnlyForDeploymentPostprocessing = 0;
		};
/* End PBXSourcesBuildPhase section */

/* Begin PBXVariantGroup section */
		8488C03B2264D90C00526CF0 /* Main.storyboard */ = {
			isa = PBXVariantGroup;
			children = (
				8488C03C2264D90C00526CF0 /* Base */,
			);
			name = Main.storyboard;
			sourceTree = "<group>";
		};
		8488C0402264D90E00526CF0 /* LaunchScreen.storyboard */ = {
			isa = PBXVariantGroup;
			children = (
				8488C0412264D90E00526CF0 /* Base */,
			);
			name = LaunchScreen.storyboard;
			sourceTree = "<group>";
		};
/* End PBXVariantGroup section */

/* Begin XCBuildConfiguration section */
		8488C0442264D90E00526CF0 /* Debug */ = {
			isa = XCBuildConfiguration;
			buildSettings = {
				ALWAYS_SEARCH_USER_PATHS = NO;
				CLANG_ANALYZER_NONNULL = YES;
				CLANG_ANALYZER_NUMBER_OBJECT_CONVERSION = YES_AGGRESSIVE;
				CLANG_CXX_LANGUAGE_STANDARD = "gnu++14";
				CLANG_CXX_LIBRARY = "libc++";
				CLANG_ENABLE_MODULES = YES;
				CLANG_ENABLE_OBJC_ARC = YES;
				CLANG_ENABLE_OBJC_WEAK = YES;
				CLANG_WARN_BLOCK_CAPTURE_AUTORELEASING = YES;
				CLANG_WARN_BOOL_CONVERSION = YES;
				CLANG_WARN_COMMA = YES;
				CLANG_WARN_CONSTANT_CONVERSION = YES;
				CLANG_WARN_DEPRECATED_OBJC_IMPLEMENTATIONS = YES;
				CLANG_WARN_DIRECT_OBJC_ISA_USAGE = YES_ERROR;
				CLANG_WARN_DOCUMENTATION_COMMENTS = YES;
				CLANG_WARN_EMPTY_BODY = YES;
				CLANG_WARN_ENUM_CONVERSION = YES;
				CLANG_WARN_INFINITE_RECURSION = YES;
				CLANG_WARN_INT_CONVERSION = YES;
				CLANG_WARN_NON_LITERAL_NULL_CONVERSION = YES;
				CLANG_WARN_OBJC_IMPLICIT_RETAIN_SELF = YES;
				CLANG_WARN_OBJC_LITERAL_CONVERSION = YES;
				CLANG_WARN_OBJC_ROOT_CLASS = YES_ERROR;
				CLANG_WARN_RANGE_LOOP_ANALYSIS = YES;
				CLANG_WARN_STRICT_PROTOTYPES = YES;
				CLANG_WARN_SUSPICIOUS_MOVE = YES;
				CLANG_WARN_UNGUARDED_AVAILABILITY = YES_AGGRESSIVE;
				CLANG_WARN_UNREACHABLE_CODE = YES;
				CLANG_WARN__DUPLICATE_METHOD_MATCH = YES;
				CODE_SIGN_IDENTITY = "iPhone Developer";
				COPY_PHASE_STRIP = NO;
				DEBUG_INFORMATION_FORMAT = dwarf;
				ENABLE_STRICT_OBJC_MSGSEND = YES;
				ENABLE_TESTABILITY = YES;
				GCC_C_LANGUAGE_STANDARD = gnu11;
				GCC_DYNAMIC_NO_PIC = NO;
				GCC_NO_COMMON_BLOCKS = YES;
				GCC_OPTIMIZATION_LEVEL = 0;
				GCC_PREPROCESSOR_DEFINITIONS = (
					"DEBUG=1",
					"$(inherited)",
				);
				GCC_WARN_64_TO_32_BIT_CONVERSION = YES;
				GCC_WARN_ABOUT_RETURN_TYPE = YES_ERROR;
				GCC_WARN_UNDECLARED_SELECTOR = YES;
				GCC_WARN_UNINITIALIZED_AUTOS = YES_AGGRESSIVE;
				GCC_WARN_UNUSED_FUNCTION = YES;
				GCC_WARN_UNUSED_VARIABLE = YES;
				IPHONEOS_DEPLOYMENT_TARGET = 12.2;
				MTL_ENABLE_DEBUG_INFO = INCLUDE_SOURCE;
				MTL_FAST_MATH = YES;
				ONLY_ACTIVE_ARCH = YES;
				SDKROOT = iphoneos;
				SWIFT_ACTIVE_COMPILATION_CONDITIONS = DEBUG;
				SWIFT_OPTIMIZATION_LEVEL = "-Onone";
			};
			name = Debug;
		};
		8488C0452264D90E00526CF0 /* Release */ = {
			isa = XCBuildConfiguration;
			buildSettings = {
				ALWAYS_SEARCH_USER_PATHS = NO;
				CLANG_ANALYZER_NONNULL = YES;
				CLANG_ANALYZER_NUMBER_OBJECT_CONVERSION = YES_AGGRESSIVE;
				CLANG_CXX_LANGUAGE_STANDARD = "gnu++14";
				CLANG_CXX_LIBRARY = "libc++";
				CLANG_ENABLE_MODULES = YES;
				CLANG_ENABLE_OBJC_ARC = YES;
				CLANG_ENABLE_OBJC_WEAK = YES;
				CLANG_WARN_BLOCK_CAPTURE_AUTORELEASING = YES;
				CLANG_WARN_BOOL_CONVERSION = YES;
				CLANG_WARN_COMMA = YES;
				CLANG_WARN_CONSTANT_CONVERSION = YES;
				CLANG_WARN_DEPRECATED_OBJC_IMPLEMENTATIONS = YES;
				CLANG_WARN_DIRECT_OBJC_ISA_USAGE = YES_ERROR;
				CLANG_WARN_DOCUMENTATION_COMMENTS = YES;
				CLANG_WARN_EMPTY_BODY = YES;
				CLANG_WARN_ENUM_CONVERSION = YES;
				CLANG_WARN_INFINITE_RECURSION = YES;
				CLANG_WARN_INT_CONVERSION = YES;
				CLANG_WARN_NON_LITERAL_NULL_CONVERSION = YES;
				CLANG_WARN_OBJC_IMPLICIT_RETAIN_SELF = YES;
				CLANG_WARN_OBJC_LITERAL_CONVERSION = YES;
				CLANG_WARN_OBJC_ROOT_CLASS = YES_ERROR;
				CLANG_WARN_RANGE_LOOP_ANALYSIS = YES;
				CLANG_WARN_STRICT_PROTOTYPES = YES;
				CLANG_WARN_SUSPICIOUS_MOVE = YES;
				CLANG_WARN_UNGUARDED_AVAILABILITY = YES_AGGRESSIVE;
				CLANG_WARN_UNREACHABLE_CODE = YES;
				CLANG_WARN__DUPLICATE_METHOD_MATCH = YES;
				CODE_SIGN_IDENTITY = "iPhone Developer";
				COPY_PHASE_STRIP = NO;
				DEBUG_INFORMATION_FORMAT = "dwarf-with-dsym";
				ENABLE_NS_ASSERTIONS = NO;
				ENABLE_STRICT_OBJC_MSGSEND = YES;
				GCC_C_LANGUAGE_STANDARD = gnu11;
				GCC_NO_COMMON_BLOCKS = YES;
				GCC_WARN_64_TO_32_BIT_CONVERSION = YES;
				GCC_WARN_ABOUT_RETURN_TYPE = YES_ERROR;
				GCC_WARN_UNDECLARED_SELECTOR = YES;
				GCC_WARN_UNINITIALIZED_AUTOS = YES_AGGRESSIVE;
				GCC_WARN_UNUSED_FUNCTION = YES;
				GCC_WARN_UNUSED_VARIABLE = YES;
				IPHONEOS_DEPLOYMENT_TARGET = 12.2;
				MTL_ENABLE_DEBUG_INFO = NO;
				MTL_FAST_MATH = YES;
				SDKROOT = iphoneos;
				SWIFT_COMPILATION_MODE = wholemodule;
				SWIFT_OPTIMIZATION_LEVEL = "-O";
				VALIDATE_PRODUCT = YES;
			};
			name = Release;
		};
		8488C0472264D90E00526CF0 /* Debug */ = {
			isa = XCBuildConfiguration;
			buildSettings = {
				ASSETCATALOG_COMPILER_APPICON_NAME = AppIcon;
				CODE_SIGN_STYLE = Automatic;
				DEVELOPMENT_TEAM = YR78UHPG2L;
				INFOPLIST_FILE = ARKitPlanes/Info.plist;
				LD_RUNPATH_SEARCH_PATHS = (
					"$(inherited)",
					"@executable_path/Frameworks",
				);
				PRODUCT_BUNDLE_IDENTIFIER = hulkCrush.ARKitPlanes;
				PRODUCT_NAME = "$(TARGET_NAME)";
				SWIFT_VERSION = 5.0;
				TARGETED_DEVICE_FAMILY = "1,2";
			};
			name = Debug;
		};
		8488C0482264D90E00526CF0 /* Release */ = {
			isa = XCBuildConfiguration;
			buildSettings = {
				ASSETCATALOG_COMPILER_APPICON_NAME = AppIcon;
				CODE_SIGN_STYLE = Automatic;
				DEVELOPMENT_TEAM = YR78UHPG2L;
				INFOPLIST_FILE = ARKitPlanes/Info.plist;
				LD_RUNPATH_SEARCH_PATHS = (
					"$(inherited)",
					"@executable_path/Frameworks",
				);
				PRODUCT_BUNDLE_IDENTIFIER = hulkCrush.ARKitPlanes;
				PRODUCT_NAME = "$(TARGET_NAME)";
				SWIFT_VERSION = 5.0;
				TARGETED_DEVICE_FAMILY = "1,2";
			};
			name = Release;
		};
/* End XCBuildConfiguration section */

/* Begin XCConfigurationList section */
		8488C02D2264D90C00526CF0 /* Build configuration list for PBXProject "ARKitPlanes" */ = {
			isa = XCConfigurationList;
			buildConfigurations = (
				8488C0442264D90E00526CF0 /* Debug */,
				8488C0452264D90E00526CF0 /* Release */,
			);
			defaultConfigurationIsVisible = 0;
			defaultConfigurationName = Release;
		};
		8488C0462264D90E00526CF0 /* Build configuration list for PBXNativeTarget "ARKitPlanes" */ = {
			isa = XCConfigurationList;
			buildConfigurations = (
				8488C0472264D90E00526CF0 /* Debug */,
				8488C0482264D90E00526CF0 /* Release */,
			);
			defaultConfigurationIsVisible = 0;
			defaultConfigurationName = Release;
		};
/* End XCConfigurationList section */
	};
	rootObject = 8488C02A2264D90C00526CF0 /* Project object */;
}
